// !$*UTF8*$!
{
	archiveVersion = 1;
	classes = {
	};
	objectVersion = 50;
	objects = {

/* Begin PBXBuildFile section */
		652631B224C471FE00399D03 /* AppDelegate.swift in Sources */ = {isa = PBXBuildFile; fileRef = 652631B124C471FE00399D03 /* AppDelegate.swift */; };
		652631B624C471FE00399D03 /* ViewController.swift in Sources */ = {isa = PBXBuildFile; fileRef = 652631B524C471FE00399D03 /* ViewController.swift */; };
		652631B924C471FE00399D03 /* Main.storyboard in Resources */ = {isa = PBXBuildFile; fileRef = 652631B724C471FE00399D03 /* Main.storyboard */; };
		652631BB24C4720100399D03 /* Assets.xcassets in Resources */ = {isa = PBXBuildFile; fileRef = 652631BA24C4720100399D03 /* Assets.xcassets */; };
		652631BE24C4720100399D03 /* LaunchScreen.storyboard in Resources */ = {isa = PBXBuildFile; fileRef = 652631BC24C4720100399D03 /* LaunchScreen.storyboard */; };
		652631C724C4750F00399D03 /* BinarySearchTree.swift in Sources */ = {isa = PBXBuildFile; fileRef = 652631C624C4750F00399D03 /* BinarySearchTree.swift */; };
		652631C924C47AB400399D03 /* Node.swift in Sources */ = {isa = PBXBuildFile; fileRef = 652631C824C47AB400399D03 /* Node.swift */; };
		65ADF45024D0518F0078534C /* TreeNode.swift in Sources */ = {isa = PBXBuildFile; fileRef = 65ADF44F24D0518F0078534C /* TreeNode.swift */; };
		65CA3C3F24D2ECCA0029CA5F /* BinaryTree.swift in Sources */ = {isa = PBXBuildFile; fileRef = 65CA3C3E24D2ECCA0029CA5F /* BinaryTree.swift */; };
		65DA317B24C5CD2A00D159F7 /* Compactor.swift in Sources */ = {isa = PBXBuildFile; fileRef = 65DA317A24C5CD2A00D159F7 /* Compactor.swift */; };
		65DA317D24C5D71800D159F7 /* Person.swift in Sources */ = {isa = PBXBuildFile; fileRef = 65DA317C24C5D71800D159F7 /* Person.swift */; };
		65E6786724D8317300DEE18A /* AVLTree.swift in Sources */ = {isa = PBXBuildFile; fileRef = 65E6786624D8317300DEE18A /* AVLTree.swift */; };
/* End PBXBuildFile section */

/* Begin PBXFileReference section */
		652631AE24C471FE00399D03 /* Calculation.app */ = {isa = PBXFileReference; explicitFileType = wrapper.application; includeInIndex = 0; path = Calculation.app; sourceTree = BUILT_PRODUCTS_DIR; };
		652631B124C471FE00399D03 /* AppDelegate.swift */ = {isa = PBXFileReference; lastKnownFileType = sourcecode.swift; path = AppDelegate.swift; sourceTree = "<group>"; };
		652631B524C471FE00399D03 /* ViewController.swift */ = {isa = PBXFileReference; lastKnownFileType = sourcecode.swift; path = ViewController.swift; sourceTree = "<group>"; };
		652631B824C471FE00399D03 /* Base */ = {isa = PBXFileReference; lastKnownFileType = file.storyboard; name = Base; path = Base.lproj/Main.storyboard; sourceTree = "<group>"; };
		652631BA24C4720100399D03 /* Assets.xcassets */ = {isa = PBXFileReference; lastKnownFileType = folder.assetcatalog; path = Assets.xcassets; sourceTree = "<group>"; };
		652631BD24C4720100399D03 /* Base */ = {isa = PBXFileReference; lastKnownFileType = file.storyboard; name = Base; path = Base.lproj/LaunchScreen.storyboard; sourceTree = "<group>"; };
		652631BF24C4720100399D03 /* Info.plist */ = {isa = PBXFileReference; lastKnownFileType = text.plist.xml; path = Info.plist; sourceTree = "<group>"; };
		652631C624C4750F00399D03 /* BinarySearchTree.swift */ = {isa = PBXFileReference; lastKnownFileType = sourcecode.swift; path = BinarySearchTree.swift; sourceTree = "<group>"; };
		652631C824C47AB400399D03 /* Node.swift */ = {isa = PBXFileReference; lastKnownFileType = sourcecode.swift; path = Node.swift; sourceTree = "<group>"; };
		65ADF44F24D0518F0078534C /* TreeNode.swift */ = {isa = PBXFileReference; lastKnownFileType = sourcecode.swift; path = TreeNode.swift; sourceTree = "<group>"; };
		65CA3C3E24D2ECCA0029CA5F /* BinaryTree.swift */ = {isa = PBXFileReference; lastKnownFileType = sourcecode.swift; path = BinaryTree.swift; sourceTree = "<group>"; };
		65DA317A24C5CD2A00D159F7 /* Compactor.swift */ = {isa = PBXFileReference; lastKnownFileType = sourcecode.swift; path = Compactor.swift; sourceTree = "<group>"; };
		65DA317C24C5D71800D159F7 /* Person.swift */ = {isa = PBXFileReference; lastKnownFileType = sourcecode.swift; path = Person.swift; sourceTree = "<group>"; };
		65E6786624D8317300DEE18A /* AVLTree.swift */ = {isa = PBXFileReference; lastKnownFileType = sourcecode.swift; path = AVLTree.swift; sourceTree = "<group>"; };
/* End PBXFileReference section */

/* Begin PBXFrameworksBuildPhase section */
		652631AB24C471FE00399D03 /* Frameworks */ = {
			isa = PBXFrameworksBuildPhase;
			buildActionMask = 2147483647;
			files = (
			);
			runOnlyForDeploymentPostprocessing = 0;
		};
/* End PBXFrameworksBuildPhase section */

/* Begin PBXGroup section */
		652631A524C471FE00399D03 = {
			isa = PBXGroup;
			children = (
				652631B024C471FE00399D03 /* Calculation */,
				652631AF24C471FE00399D03 /* Products */,
			);
			sourceTree = "<group>";
		};
		652631AF24C471FE00399D03 /* Products */ = {
			isa = PBXGroup;
			children = (
				652631AE24C471FE00399D03 /* Calculation.app */,
			);
			name = Products;
			sourceTree = "<group>";
		};
		652631B024C471FE00399D03 /* Calculation */ = {
			isa = PBXGroup;
			children = (
				65ADF44E24D051720078534C /* 翻转二叉树 */,
				65E6786524D8315500DEE18A /* AVL树 */,
				652631C524C4748100399D03 /* Tree */,
				652631B124C471FE00399D03 /* AppDelegate.swift */,
				652631B524C471FE00399D03 /* ViewController.swift */,
				65DA317C24C5D71800D159F7 /* Person.swift */,
				652631B724C471FE00399D03 /* Main.storyboard */,
				652631BA24C4720100399D03 /* Assets.xcassets */,
				652631BC24C4720100399D03 /* LaunchScreen.storyboard */,
				652631BF24C4720100399D03 /* Info.plist */,
			);
			path = Calculation;
			sourceTree = "<group>";
		};
		652631C524C4748100399D03 /* Tree */ = {
			isa = PBXGroup;
			children = (
				65CA3C3E24D2ECCA0029CA5F /* BinaryTree.swift */,
				652631C624C4750F00399D03 /* BinarySearchTree.swift */,
				652631C824C47AB400399D03 /* Node.swift */,
				65DA317A24C5CD2A00D159F7 /* Compactor.swift */,
			);
			path = Tree;
			sourceTree = "<group>";
		};
		65ADF44E24D051720078534C /* 翻转二叉树 */ = {
			isa = PBXGroup;
			children = (
				65ADF44F24D0518F0078534C /* TreeNode.swift */,
			);
			path = "翻转二叉树";
			sourceTree = "<group>";
		};
		65E6786524D8315500DEE18A /* AVL树 */ = {
			isa = PBXGroup;
			children = (
				65E6786624D8317300DEE18A /* AVLTree.swift */,
			);
			path = "AVL树";
			sourceTree = "<group>";
		};
/* End PBXGroup section */

/* Begin PBXNativeTarget section */
		652631AD24C471FE00399D03 /* Calculation */ = {
			isa = PBXNativeTarget;
			buildConfigurationList = 652631C224C4720100399D03 /* Build configuration list for PBXNativeTarget "Calculation" */;
			buildPhases = (
				652631AA24C471FE00399D03 /* Sources */,
				652631AB24C471FE00399D03 /* Frameworks */,
				652631AC24C471FE00399D03 /* Resources */,
			);
			buildRules = (
			);
			dependencies = (
			);
			name = Calculation;
			productName = Calculation;
			productReference = 652631AE24C471FE00399D03 /* Calculation.app */;
			productType = "com.apple.product-type.application";
		};
/* End PBXNativeTarget section */

/* Begin PBXProject section */
		652631A624C471FE00399D03 /* Project object */ = {
			isa = PBXProject;
			attributes = {
				LastSwiftUpdateCheck = 1160;
				LastUpgradeCheck = 1160;
				ORGANIZATIONNAME = Ma;
				TargetAttributes = {
					652631AD24C471FE00399D03 = {
						CreatedOnToolsVersion = 11.6;
					};
				};
			};
			buildConfigurationList = 652631A924C471FE00399D03 /* Build configuration list for PBXProject "Calculation" */;
			compatibilityVersion = "Xcode 9.3";
			developmentRegion = en;
			hasScannedForEncodings = 0;
			knownRegions = (
				en,
				Base,
			);
			mainGroup = 652631A524C471FE00399D03;
			productRefGroup = 652631AF24C471FE00399D03 /* Products */;
			projectDirPath = "";
			projectRoot = "";
			targets = (
				652631AD24C471FE00399D03 /* Calculation */,
			);
		};
/* End PBXProject section */

/* Begin PBXResourcesBuildPhase section */
		652631AC24C471FE00399D03 /* Resources */ = {
			isa = PBXResourcesBuildPhase;
			buildActionMask = 2147483647;
			files = (
				652631BE24C4720100399D03 /* LaunchScreen.storyboard in Resources */,
				652631BB24C4720100399D03 /* Assets.xcassets in Resources */,
				652631B924C471FE00399D03 /* Main.storyboard in Resources */,
			);
			runOnlyForDeploymentPostprocessing = 0;
		};
/* End PBXResourcesBuildPhase section */

/* Begin PBXSourcesBuildPhase section */
		652631AA24C471FE00399D03 /* Sources */ = {
			isa = PBXSourcesBuildPhase;
			buildActionMask = 2147483647;
			files = (
				65E6786724D8317300DEE18A /* AVLTree.swift in Sources */,
				65CA3C3F24D2ECCA0029CA5F /* BinaryTree.swift in Sources */,
				65ADF45024D0518F0078534C /* TreeNode.swift in Sources */,
				65DA317D24C5D71800D159F7 /* Person.swift in Sources */,
				65DA317B24C5CD2A00D159F7 /* Compactor.swift in Sources */,
				652631B624C471FE00399D03 /* ViewController.swift in Sources */,
				652631B224C471FE00399D03 /* AppDelegate.swift in Sources */,
				652631C724C4750F00399D03 /* BinarySearchTree.swift in Sources */,
				652631C924C47AB400399D03 /* Node.swift in Sources */,
			);
			runOnlyForDeploymentPostprocessing = 0;
		};
/* End PBXSourcesBuildPhase section */

/* Begin PBXVariantGroup section */
		652631B724C471FE00399D03 /* Main.storyboard */ = {
			isa = PBXVariantGroup;
			children = (
				652631B824C471FE00399D03 /* Base */,
			);
			name = Main.storyboard;
			sourceTree = "<group>";
		};
		652631BC24C4720100399D03 /* LaunchScreen.storyboard */ = {
			isa = PBXVariantGroup;
			children = (
				652631BD24C4720100399D03 /* Base */,
			);
			name = LaunchScreen.storyboard;
			sourceTree = "<group>";
		};
/* End PBXVariantGroup section */

/* Begin XCBuildConfiguration section */
		652631C024C4720100399D03 /* Debug */ = {
			isa = XCBuildConfiguration;
			buildSettings = {
				ALWAYS_SEARCH_USER_PATHS = NO;
				CLANG_ANALYZER_NONNULL = YES;
				CLANG_ANALYZER_NUMBER_OBJECT_CONVERSION = YES_AGGRESSIVE;
				CLANG_CXX_LANGUAGE_STANDARD = "gnu++14";
				CLANG_CXX_LIBRARY = "libc++";
				CLANG_ENABLE_MODULES = YES;
				CLANG_ENABLE_OBJC_ARC = YES;
				CLANG_ENABLE_OBJC_WEAK = YES;
				CLANG_WARN_BLOCK_CAPTURE_AUTORELEASING = YES;
				CLANG_WARN_BOOL_CONVERSION = YES;
				CLANG_WARN_COMMA = YES;
				CLANG_WARN_CONSTANT_CONVERSION = YES;
				CLANG_WARN_DEPRECATED_OBJC_IMPLEMENTATIONS = YES;
				CLANG_WARN_DIRECT_OBJC_ISA_USAGE = YES_ERROR;
				CLANG_WARN_DOCUMENTATION_COMMENTS = YES;
				CLANG_WARN_EMPTY_BODY = YES;
				CLANG_WARN_ENUM_CONVERSION = YES;
				CLANG_WARN_INFINITE_RECURSION = YES;
				CLANG_WARN_INT_CONVERSION = YES;
				CLANG_WARN_NON_LITERAL_NULL_CONVERSION = YES;
				CLANG_WARN_OBJC_IMPLICIT_RETAIN_SELF = YES;
				CLANG_WARN_OBJC_LITERAL_CONVERSION = YES;
				CLANG_WARN_OBJC_ROOT_CLASS = YES_ERROR;
				CLANG_WARN_RANGE_LOOP_ANALYSIS = YES;
				CLANG_WARN_STRICT_PROTOTYPES = YES;
				CLANG_WARN_SUSPICIOUS_MOVE = YES;
				CLANG_WARN_UNGUARDED_AVAILABILITY = YES_AGGRESSIVE;
				CLANG_WARN_UNREACHABLE_CODE = YES;
				CLANG_WARN__DUPLICATE_METHOD_MATCH = YES;
				COPY_PHASE_STRIP = NO;
				DEBUG_INFORMATION_FORMAT = dwarf;
				ENABLE_STRICT_OBJC_MSGSEND = YES;
				ENABLE_TESTABILITY = YES;
				GCC_C_LANGUAGE_STANDARD = gnu11;
				GCC_DYNAMIC_NO_PIC = NO;
				GCC_NO_COMMON_BLOCKS = YES;
				GCC_OPTIMIZATION_LEVEL = 0;
				GCC_PREPROCESSOR_DEFINITIONS = (
					"DEBUG=1",
					"$(inherited)",
				);
				GCC_WARN_64_TO_32_BIT_CONVERSION = YES;
				GCC_WARN_ABOUT_RETURN_TYPE = YES_ERROR;
				GCC_WARN_UNDECLARED_SELECTOR = YES;
				GCC_WARN_UNINITIALIZED_AUTOS = YES_AGGRESSIVE;
				GCC_WARN_UNUSED_FUNCTION = YES;
				GCC_WARN_UNUSED_VARIABLE = YES;
				IPHONEOS_DEPLOYMENT_TARGET = 13.6;
				MTL_ENABLE_DEBUG_INFO = INCLUDE_SOURCE;
				MTL_FAST_MATH = YES;
				ONLY_ACTIVE_ARCH = YES;
				SDKROOT = iphoneos;
				SWIFT_ACTIVE_COMPILATION_CONDITIONS = DEBUG;
				SWIFT_OPTIMIZATION_LEVEL = "-Onone";
			};
			name = Debug;
		};
		652631C124C4720100399D03 /* Release */ = {
			isa = XCBuildConfiguration;
			buildSettings = {
				ALWAYS_SEARCH_USER_PATHS = NO;
				CLANG_ANALYZER_NONNULL = YES;
				CLANG_ANALYZER_NUMBER_OBJECT_CONVERSION = YES_AGGRESSIVE;
				CLANG_CXX_LANGUAGE_STANDARD = "gnu++14";
				CLANG_CXX_LIBRARY = "libc++";
				CLANG_ENABLE_MODULES = YES;
				CLANG_ENABLE_OBJC_ARC = YES;
				CLANG_ENABLE_OBJC_WEAK = YES;
				CLANG_WARN_BLOCK_CAPTURE_AUTORELEASING = YES;
				CLANG_WARN_BOOL_CONVERSION = YES;
				CLANG_WARN_COMMA = YES;
				CLANG_WARN_CONSTANT_CONVERSION = YES;
				CLANG_WARN_DEPRECATED_OBJC_IMPLEMENTATIONS = YES;
				CLANG_WARN_DIRECT_OBJC_ISA_USAGE = YES_ERROR;
				CLANG_WARN_DOCUMENTATION_COMMENTS = YES;
				CLANG_WARN_EMPTY_BODY = YES;
				CLANG_WARN_ENUM_CONVERSION = YES;
				CLANG_WARN_INFINITE_RECURSION = YES;
				CLANG_WARN_INT_CONVERSION = YES;
				CLANG_WARN_NON_LITERAL_NULL_CONVERSION = YES;
				CLANG_WARN_OBJC_IMPLICIT_RETAIN_SELF = YES;
				CLANG_WARN_OBJC_LITERAL_CONVERSION = YES;
				CLANG_WARN_OBJC_ROOT_CLASS = YES_ERROR;
				CLANG_WARN_RANGE_LOOP_ANALYSIS = YES;
				CLANG_WARN_STRICT_PROTOTYPES = YES;
				CLANG_WARN_SUSPICIOUS_MOVE = YES;
				CLANG_WARN_UNGUARDED_AVAILABILITY = YES_AGGRESSIVE;
				CLANG_WARN_UNREACHABLE_CODE = YES;
				CLANG_WARN__DUPLICATE_METHOD_MATCH = YES;
				COPY_PHASE_STRIP = NO;
				DEBUG_INFORMATION_FORMAT = "dwarf-with-dsym";
				ENABLE_NS_ASSERTIONS = NO;
				ENABLE_STRICT_OBJC_MSGSEND = YES;
				GCC_C_LANGUAGE_STANDARD = gnu11;
				GCC_NO_COMMON_BLOCKS = YES;
				GCC_WARN_64_TO_32_BIT_CONVERSION = YES;
				GCC_WARN_ABOUT_RETURN_TYPE = YES_ERROR;
				GCC_WARN_UNDECLARED_SELECTOR = YES;
				GCC_WARN_UNINITIALIZED_AUTOS = YES_AGGRESSIVE;
				GCC_WARN_UNUSED_FUNCTION = YES;
				GCC_WARN_UNUSED_VARIABLE = YES;
				IPHONEOS_DEPLOYMENT_TARGET = 13.6;
				MTL_ENABLE_DEBUG_INFO = NO;
				MTL_FAST_MATH = YES;
				SDKROOT = iphoneos;
				SWIFT_COMPILATION_MODE = wholemodule;
				SWIFT_OPTIMIZATION_LEVEL = "-O";
				VALIDATE_PRODUCT = YES;
			};
			name = Release;
		};
		652631C324C4720100399D03 /* Debug */ = {
			isa = XCBuildConfiguration;
			buildSettings = {
				ASSETCATALOG_COMPILER_APPICON_NAME = AppIcon;
				CODE_SIGN_STYLE = Automatic;
				DEVELOPMENT_TEAM = 2BC3KHMZZN;
				INFOPLIST_FILE = Calculation/Info.plist;
				IPHONEOS_DEPLOYMENT_TARGET = 10.0;
				LD_RUNPATH_SEARCH_PATHS = (
					"$(inherited)",
					"@executable_path/Frameworks",
				);
				PRODUCT_BUNDLE_IDENTIFIER = ma.Calculation;
				PRODUCT_NAME = "$(TARGET_NAME)";
				SWIFT_VERSION = 5.0;
				TARGETED_DEVICE_FAMILY = "1,2";
			};
			name = Debug;
		};
		652631C424C4720100399D03 /* Release */ = {
			isa = XCBuildConfiguration;
			buildSettings = {
				ASSETCATALOG_COMPILER_APPICON_NAME = AppIcon;
				CODE_SIGN_STYLE = Automatic;
				DEVELOPMENT_TEAM = 2BC3KHMZZN;
				INFOPLIST_FILE = Calculation/Info.plist;
				IPHONEOS_DEPLOYMENT_TARGET = 10.0;
				LD_RUNPATH_SEARCH_PATHS = (
					"$(inherited)",
					"@executable_path/Frameworks",
				);
				PRODUCT_BUNDLE_IDENTIFIER = ma.Calculation;
				PRODUCT_NAME = "$(TARGET_NAME)";
				SWIFT_VERSION = 5.0;
				TARGETED_DEVICE_FAMILY = "1,2";
			};
			name = Release;
		};
/* End XCBuildConfiguration section */

/* Begin XCConfigurationList section */
		652631A924C471FE00399D03 /* Build configuration list for PBXProject "Calculation" */ = {
			isa = XCConfigurationList;
			buildConfigurations = (
				652631C024C4720100399D03 /* Debug */,
				652631C124C4720100399D03 /* Release */,
			);
			defaultConfigurationIsVisible = 0;
			defaultConfigurationName = Release;
		};
		652631C224C4720100399D03 /* Build configuration list for PBXNativeTarget "Calculation" */ = {
			isa = XCConfigurationList;
			buildConfigurations = (
				652631C324C4720100399D03 /* Debug */,
				652631C424C4720100399D03 /* Release */,
			);
			defaultConfigurationIsVisible = 0;
			defaultConfigurationName = Release;
		};
/* End XCConfigurationList section */
	};
	rootObject = 652631A624C471FE00399D03 /* Project object */;
}
